
Microsoft Visual Studio Solution File, Format Version 11.00
# Visual Studio 2010
Project("{FAE04EC0-301F-11D3-BF4B-00C04F79EFBC}") = "Assembly-CSharp", "Assembly-CSharp.csproj", "{FF057BC3-5842-99C7-155C-0359E0EDA4BB}"
EndProject
Project("{FAE04EC0-301F-11D3-BF4B-00C04F79EFBC}") = "Assembly-CSharp-firstpass", "Assembly-CSharp-firstpass.csproj", "{0586AFC2-8CA3-13F1-BC37-D2661FC576E6}"
EndProject
Project("{FAE04EC0-301F-11D3-BF4B-00C04F79EFBC}") = "Assembly-CSharp-Editor", "Assembly-CSharp-Editor.csproj", "{02F52B12-5962-FBA8-CB28-BEEE0CC402A4}"
EndProject
Global
	GlobalSection(SolutionConfigurationPlatforms) = preSolution
		Debug|Any CPU = Debug|Any CPU
		Release|Any CPU = Release|Any CPU
	EndGlobalSection
	GlobalSection(ProjectConfigurationPlatforms) = postSolution
		{FF057BC3-5842-99C7-155C-0359E0EDA4BB}.Debug|Any CPU.ActiveCfg = Debug|Any CPU
		{FF057BC3-5842-99C7-155C-0359E0EDA4BB}.Debug|Any CPU.Build.0 = Debug|Any CPU
		{FF057BC3-5842-99C7-155C-0359E0EDA4BB}.Release|Any CPU.ActiveCfg = Release|Any CPU
		{FF057BC3-5842-99C7-155C-0359E0EDA4BB}.Release|Any CPU.Build.0 = Release|Any CPU
		{0586AFC2-8CA3-13F1-BC37-D2661FC576E6}.Debug|Any CPU.ActiveCfg = Debug|Any CPU
		{0586AFC2-8CA3-13F1-BC37-D2661FC576E6}.Debug|Any CPU.Build.0 = Debug|Any CPU
		{0586AFC2-8CA3-13F1-BC37-D2661FC576E6}.Release|Any CPU.ActiveCfg = Release|Any CPU
		{0586AFC2-8CA3-13F1-BC37-D2661FC576E6}.Release|Any CPU.Build.0 = Release|Any CPU
		{02F52B12-5962-FBA8-CB28-BEEE0CC402A4}.Debug|Any CPU.ActiveCfg = Debug|Any CPU
		{02F52B12-5962-FBA8-CB28-BEEE0CC402A4}.Debug|Any CPU.Build.0 = Debug|Any CPU
		{02F52B12-5962-FBA8-CB28-BEEE0CC402A4}.Release|Any CPU.ActiveCfg = Release|Any CPU
		{02F52B12-5962-FBA8-CB28-BEEE0CC402A4}.Release|Any CPU.Build.0 = Release|Any CPU
	EndGlobalSection
	GlobalSection(SolutionProperties) = preSolution
		HideSolutionNode = FALSE
	EndGlobalSection
EndGlobal
